<Solution>
  <Project Path="LearningPlatformSystem.API/LearningPlatformSystem.API.csproj" />
  <Project Path="LearningPlatformSystem.Application.Tests/LearningPlatformSystem.Application.Tests.csproj" Id="0fbc4b94-f2f6-41a6-b67e-a0b79028a438" />
  <Project Path="LearningPlatformSystem.Application/LearningPlatformSystem.Application.csproj" />
  <Project Path="LearningPlatformSystem.Domain/LearningPlatformSystem.Domain.csproj" />
  <Project Path="LearningPlatformSystem.Infrastructure/LearningPlatformSystem.Infrastructure.csproj" />
  <Project Path="LearningPlatsformSystem.Domain.Tests/LearningPlatformSystem.Domain.Tests.csproj" Id="3b633c92-9e18-4142-9730-8a9de53436ab" />
</Solution>
